
Microsoft Visual Studio Solution File, Format Version 12.00
# Visual Studio Version 17
VisualStudioVersion = 17.7.34018.315
MinimumVisualStudioVersion = 10.0.40219.1
Project("{FAE04EC0-301F-11D3-BF4B-00C04F79EFBC}") = "IoTGateway", "IoTGateway\IoTGateway.csproj", "{A3BB21BE-7EC3-420D-AC51-2F84EA370DC7}"
EndProject
Project("{9A19103F-16F7-4668-BE54-9A1E7A4F7556}") = "Negocio", "Negocio\Negocio.csproj", "{C24698D4-3F0A-4F9D-81B0-62D2456387A5}"
EndProject
Global
	GlobalSection(SolutionConfigurationPlatforms) = preSolution
		Debug|Any CPU = Debug|Any CPU
		Release|Any CPU = Release|Any CPU
	EndGlobalSection
	GlobalSection(ProjectConfigurationPlatforms) = postSolution
		{A3BB21BE-7EC3-420D-AC51-2F84EA370DC7}.Debug|Any CPU.ActiveCfg = Debug|Any CPU
		{A3BB21BE-7EC3-420D-AC51-2F84EA370DC7}.Debug|Any CPU.Build.0 = Debug|Any CPU
		{A3BB21BE-7EC3-420D-AC51-2F84EA370DC7}.Release|Any CPU.ActiveCfg = Release|Any CPU
		{A3BB21BE-7EC3-420D-AC51-2F84EA370DC7}.Release|Any CPU.Build.0 = Release|Any CPU
		{C24698D4-3F0A-4F9D-81B0-62D2456387A5}.Debug|Any CPU.ActiveCfg = Debug|Any CPU
		{C24698D4-3F0A-4F9D-81B0-62D2456387A5}.Debug|Any CPU.Build.0 = Debug|Any CPU
		{C24698D4-3F0A-4F9D-81B0-62D2456387A5}.Release|Any CPU.ActiveCfg = Release|Any CPU
		{C24698D4-3F0A-4F9D-81B0-62D2456387A5}.Release|Any CPU.Build.0 = Release|Any CPU
	EndGlobalSection
	GlobalSection(SolutionProperties) = preSolution
		HideSolutionNode = FALSE
	EndGlobalSection
	GlobalSection(ExtensibilityGlobals) = postSolution
		SolutionGuid = {1E81ED98-E869-48A2-AF0E-D1BA6F1A3CCF}
	EndGlobalSection
EndGlobal
