
Microsoft Visual Studio Solution File, Format Version 12.00
# Visual Studio Version 17
VisualStudioVersion = 17.4.33213.308
MinimumVisualStudioVersion = 10.0.40219.1
Project("{9A19103F-16F7-4668-BE54-9A1E7A4F7556}") = "Negocio", "Negocio\Negocio.csproj", "{F38C0746-5FCA-435B-ABA4-C51D8C5C7F7F}"
EndProject
Project("{FAE04EC0-301F-11D3-BF4B-00C04F79EFBC}") = "Negocio.Test", "Test\Negocio.Test\Negocio.Test.csproj", "{A956D127-5D4C-4830-B7F0-8CEF1D2AE258}"
EndProject
Global
	GlobalSection(SolutionConfigurationPlatforms) = preSolution
		Debug|Any CPU = Debug|Any CPU
		Release|Any CPU = Release|Any CPU
	EndGlobalSection
	GlobalSection(ProjectConfigurationPlatforms) = postSolution
		{F38C0746-5FCA-435B-ABA4-C51D8C5C7F7F}.Debug|Any CPU.ActiveCfg = Debug|Any CPU
		{F38C0746-5FCA-435B-ABA4-C51D8C5C7F7F}.Debug|Any CPU.Build.0 = Debug|Any CPU
		{F38C0746-5FCA-435B-ABA4-C51D8C5C7F7F}.Release|Any CPU.ActiveCfg = Release|Any CPU
		{F38C0746-5FCA-435B-ABA4-C51D8C5C7F7F}.Release|Any CPU.Build.0 = Release|Any CPU
		{A956D127-5D4C-4830-B7F0-8CEF1D2AE258}.Debug|Any CPU.ActiveCfg = Debug|Any CPU
		{A956D127-5D4C-4830-B7F0-8CEF1D2AE258}.Debug|Any CPU.Build.0 = Debug|Any CPU
		{A956D127-5D4C-4830-B7F0-8CEF1D2AE258}.Release|Any CPU.ActiveCfg = Release|Any CPU
		{A956D127-5D4C-4830-B7F0-8CEF1D2AE258}.Release|Any CPU.Build.0 = Release|Any CPU
	EndGlobalSection
	GlobalSection(SolutionProperties) = preSolution
		HideSolutionNode = FALSE
	EndGlobalSection
	GlobalSection(ExtensibilityGlobals) = postSolution
		SolutionGuid = {5CAF5158-99A4-4C42-ACCF-3B49D87D10F6}
	EndGlobalSection
EndGlobal
