
Microsoft Visual Studio Solution File, Format Version 12.00
# Visual Studio Version 17
VisualStudioVersion = 17.4.33205.214
MinimumVisualStudioVersion = 10.0.40219.1
Project("{9A19103F-16F7-4668-BE54-9A1E7A4F7556}") = "SeniorConnect", "SeniorConnect\SeniorConnect.csproj", "{68020F11-0171-4DC1-A6D0-3BC962A27728}"
EndProject
Project("{9A19103F-16F7-4668-BE54-9A1E7A4F7556}") = "Negocio", "Negocio\Negocio.csproj", "{122C5EEF-5AD8-4F8D-9C44-ADF3D66C5C4B}"
EndProject
Global
	GlobalSection(SolutionConfigurationPlatforms) = preSolution
		Debug|Any CPU = Debug|Any CPU
		Release|Any CPU = Release|Any CPU
	EndGlobalSection
	GlobalSection(ProjectConfigurationPlatforms) = postSolution
		{68020F11-0171-4DC1-A6D0-3BC962A27728}.Debug|Any CPU.ActiveCfg = Debug|Any CPU
		{68020F11-0171-4DC1-A6D0-3BC962A27728}.Debug|Any CPU.Build.0 = Debug|Any CPU
		{68020F11-0171-4DC1-A6D0-3BC962A27728}.Release|Any CPU.ActiveCfg = Release|Any CPU
		{68020F11-0171-4DC1-A6D0-3BC962A27728}.Release|Any CPU.Build.0 = Release|Any CPU
		{122C5EEF-5AD8-4F8D-9C44-ADF3D66C5C4B}.Debug|Any CPU.ActiveCfg = Debug|Any CPU
		{122C5EEF-5AD8-4F8D-9C44-ADF3D66C5C4B}.Debug|Any CPU.Build.0 = Debug|Any CPU
		{122C5EEF-5AD8-4F8D-9C44-ADF3D66C5C4B}.Release|Any CPU.ActiveCfg = Release|Any CPU
		{122C5EEF-5AD8-4F8D-9C44-ADF3D66C5C4B}.Release|Any CPU.Build.0 = Release|Any CPU
	EndGlobalSection
	GlobalSection(SolutionProperties) = preSolution
		HideSolutionNode = FALSE
	EndGlobalSection
	GlobalSection(ExtensibilityGlobals) = postSolution
		SolutionGuid = {20076DA3-6118-4083-851D-372ABAD8DF01}
	EndGlobalSection
EndGlobal
